
Microsoft Visual Studio Solution File, Format Version 12.00
# Visual Studio Version 17
VisualStudioVersion = 17.3.32929.385
MinimumVisualStudioVersion = 10.0.40219.1
Project("{9A19103F-16F7-4668-BE54-9A1E7A4F7556}") = "Umbraco.Community.CSPManager", "Umbraco.Community.CSPManager\Umbraco.Community.CSPManager.csproj", "{E486B964-2E52-42AB-8CA4-065BAE72A394}"
EndProject
Project("{FAE04EC0-301F-11D3-BF4B-00C04F79EFBC}") = "DemoSite", "DemoSite\DemoSite.csproj", "{E26F87E6-B5BA-4C15-B351-84A8EEA3C129}"
EndProject
Global
	GlobalSection(SolutionConfigurationPlatforms) = preSolution
		Debug|Any CPU = Debug|Any CPU
		Release|Any CPU = Release|Any CPU
	EndGlobalSection
	GlobalSection(ProjectConfigurationPlatforms) = postSolution
		{E486B964-2E52-42AB-8CA4-065BAE72A394}.Debug|Any CPU.ActiveCfg = Debug|Any CPU
		{E486B964-2E52-42AB-8CA4-065BAE72A394}.Debug|Any CPU.Build.0 = Debug|Any CPU
		{E486B964-2E52-42AB-8CA4-065BAE72A394}.Release|Any CPU.ActiveCfg = Release|Any CPU
		{E486B964-2E52-42AB-8CA4-065BAE72A394}.Release|Any CPU.Build.0 = Release|Any CPU
		{E26F87E6-B5BA-4C15-B351-84A8EEA3C129}.Debug|Any CPU.ActiveCfg = Debug|Any CPU
		{E26F87E6-B5BA-4C15-B351-84A8EEA3C129}.Debug|Any CPU.Build.0 = Debug|Any CPU
		{E26F87E6-B5BA-4C15-B351-84A8EEA3C129}.Release|Any CPU.ActiveCfg = Release|Any CPU
		{E26F87E6-B5BA-4C15-B351-84A8EEA3C129}.Release|Any CPU.Build.0 = Release|Any CPU
	EndGlobalSection
	GlobalSection(SolutionProperties) = preSolution
		HideSolutionNode = FALSE
	EndGlobalSection
	GlobalSection(ExtensibilityGlobals) = postSolution
		SolutionGuid = {348B5B54-6B4B-4B32-850B-77C358E35FF7}
	EndGlobalSection
EndGlobal
